{
  "lockfileVersion": 1,
  "configVersion": 1,
  "workspaces": {
    "": {
      "name": "ralphbox",
      "devDependencies": {
        "@types/bun": "1.3.9",
        "oxfmt": "0.33.0",
        "turbo": "2.8.9",
      },
    },
  },
  "packages": {
    "@oxfmt/binding-android-arm-eabi": ["@oxfmt/binding-android-arm-eabi@0.33.0", "", { "os": "android", "cpu": "arm" }, "sha512-ML6qRW8/HiBANteqfyFAR1Zu0VrJu+6o4gkPLsssq74hQ7wDMkufBYJXI16PGSERxEYNwKxO5fesCuMssgTv9w=="],

    "@oxfmt/binding-android-arm64": ["@oxfmt/binding-android-arm64@0.33.0", "", { "os": "android", "cpu": "arm64" }, "sha512-WimmcyrGpTOntj7F7CO9RMssncOKYall93nBnzJbI2ZZDhVRuCkvFwTpwz80cZqwYm5udXRXfF40ZXcCxjp9jg=="],

    "@oxfmt/binding-darwin-arm64": ["@oxfmt/binding-darwin-arm64@0.33.0", "", { "os": "darwin", "cpu": "arm64" }, "sha512-PorspsX9O5ISstVaq34OK4esN0LVcuU4DVg+XuSqJsfJ//gn6z6WH2Tt7s0rTQaqEcp76g7+QdWQOmnJDZsEVg=="],

    "@oxfmt/binding-darwin-x64": ["@oxfmt/binding-darwin-x64@0.33.0", "", { "os": "darwin", "cpu": "x64" }, "sha512-8278bqQtOcHRPhhzcqwN9KIideut+cftBjF8d2TOsSQrlsJSFx41wCCJ38mFmH9NOmU1M+x9jpeobHnbRP1okw=="],

    "@oxfmt/binding-freebsd-x64": ["@oxfmt/binding-freebsd-x64@0.33.0", "", { "os": "freebsd", "cpu": "x64" }, "sha512-BiqYVwWFHLf5dkfg0aCKsXa9rpi//vH1+xePCpd7Ulz9yp9pJKP4DWgS5g+OW8MaqOtt7iyAszhxtk/j1nDKHQ=="],

    "@oxfmt/binding-linux-arm-gnueabihf": ["@oxfmt/binding-linux-arm-gnueabihf@0.33.0", "", { "os": "linux", "cpu": "arm" }, "sha512-oAVmmurXx0OKbNOVv71oK92LsF1LwYWpnhDnX0VaAy/NLsCKf4B7Zo7lxkJh80nfhU20TibcdwYfoHVaqlStPQ=="],

    "@oxfmt/binding-linux-arm-musleabihf": ["@oxfmt/binding-linux-arm-musleabihf@0.33.0", "", { "os": "linux", "cpu": "arm" }, "sha512-YB6S8CiRol59oRxnuclJiWoV6l+l8ru/NsuQNYjXZnnPXfSTXKtMLWHCnL/figpCFYA1E7JyjrBbar1qxe2aZg=="],

    "@oxfmt/binding-linux-arm64-gnu": ["@oxfmt/binding-linux-arm64-gnu@0.33.0", "", { "os": "linux", "cpu": "arm64" }, "sha512-hrYy+FpWoB6N24E9oGRimhVkqlls9yeqcRmQakEPUHoAbij6rYxsHHYIp3+FHRiQZFAOUxWKn/CCQoy/Mv3Dgw=="],

    "@oxfmt/binding-linux-arm64-musl": ["@oxfmt/binding-linux-arm64-musl@0.33.0", "", { "os": "linux", "cpu": "arm64" }, "sha512-O1YIzymGRdWj9cG5iVTjkP7zk9/hSaVN8ZEbqMnWZjLC1phXlv54cUvANGGXndgJp2JS4W9XENn7eo5I4jZueg=="],

    "@oxfmt/binding-linux-ppc64-gnu": ["@oxfmt/binding-linux-ppc64-gnu@0.33.0", "", { "os": "linux", "cpu": "ppc64" }, "sha512-2lrkNe+B0w1tCgQTaozfUNQCYMbqKKCGcnTDATmWCZzO77W2sh+3n04r1lk9Q1CK3bI+C3fPwhFPUR2X2BvlyQ=="],

    "@oxfmt/binding-linux-riscv64-gnu": ["@oxfmt/binding-linux-riscv64-gnu@0.33.0", "", { "os": "linux", "cpu": "none" }, "sha512-8DSG1q0M6097vowHAkEyHnKed75/BWr1IBtgCJfytnWQg+Jn1X4DryhfjqonKZOZiv74oFQl5J8TCbdDuXXdtQ=="],

    "@oxfmt/binding-linux-riscv64-musl": ["@oxfmt/binding-linux-riscv64-musl@0.33.0", "", { "os": "linux", "cpu": "none" }, "sha512-eWaxnpPz7+p0QGUnw7GGviVBDOXabr6Cd0w7S/vnWTqQo9z1VroT7XXFnJEZ3dBwxMB9lphyuuYi/GLTCxqxlg=="],

    "@oxfmt/binding-linux-s390x-gnu": ["@oxfmt/binding-linux-s390x-gnu@0.33.0", "", { "os": "linux", "cpu": "s390x" }, "sha512-+mH8cQTqq+Tu2CdoB2/Wmk9CqotXResi+gPvXpb+AAUt/LiwpicTQqSolMheQKogkDTYHPuUiSN23QYmy7IXNQ=="],

    "@oxfmt/binding-linux-x64-gnu": ["@oxfmt/binding-linux-x64-gnu@0.33.0", "", { "os": "linux", "cpu": "x64" }, "sha512-fjyslAYAPE2+B6Ckrs5LuDQ6lB1re5MumPnzefAXsen3JGwiRilra6XdjUmszTNoExJKbewoxxd6bcLSTpkAJQ=="],

    "@oxfmt/binding-linux-x64-musl": ["@oxfmt/binding-linux-x64-musl@0.33.0", "", { "os": "linux", "cpu": "x64" }, "sha512-ve/jGBlTt35Jl/I0A0SfCQX3wKnadzPDdyOFEwe2ZgHHIT9uhqhAv1PaVXTenSBpauICEWYH8mWy+ittzlVE/A=="],

    "@oxfmt/binding-openharmony-arm64": ["@oxfmt/binding-openharmony-arm64@0.33.0", "", { "os": "none", "cpu": "arm64" }, "sha512-lsWRgY9e+uPvwXnuDiJkmJ2Zs3XwwaQkaALJ3/SXU9kjZP0Qh8/tGW8Tk/Z6WL32sDxx+aOK5HuU7qFY9dHJhg=="],

    "@oxfmt/binding-win32-arm64-msvc": ["@oxfmt/binding-win32-arm64-msvc@0.33.0", "", { "os": "win32", "cpu": "arm64" }, "sha512-w8AQHyGDRZutxtQ7IURdBEddwFrtHQiG6+yIFpNJ4HiMyYEqeAWzwBQBfwSAxtSNh6Y9qqbbc1OM2mHN6AB3Uw=="],

    "@oxfmt/binding-win32-ia32-msvc": ["@oxfmt/binding-win32-ia32-msvc@0.33.0", "", { "os": "win32", "cpu": "ia32" }, "sha512-j2X4iumKVwDzQtUx3JBDkaydx6eLuncgUZPl2ybZ8llxJMFbZIniws70FzUQePMfMtzLozIm7vo4bjkvQFsOzw=="],

    "@oxfmt/binding-win32-x64-msvc": ["@oxfmt/binding-win32-x64-msvc@0.33.0", "", { "os": "win32", "cpu": "x64" }, "sha512-lsBQxbepASwOBUh3chcKAjU+jVAQhLElbPYiagIq26cU8vA9Bttj6t20bMvCQCw31m440IRlNhrK7NpnUI8mzA=="],

    "@types/bun": ["@types/bun@1.3.9", "", { "dependencies": { "bun-types": "1.3.9" } }, "sha512-KQ571yULOdWJiMH+RIWIOZ7B2RXQGpL1YQrBtLIV3FqDcCu6FsbFUBwhdKUlCKUpS3PJDsHlJ1QKlpxoVR+xtw=="],

    "@types/node": ["@types/node@25.2.3", "", { "dependencies": { "undici-types": "~7.16.0" } }, "sha512-m0jEgYlYz+mDJZ2+F4v8D1AyQb+QzsNqRuI7xg1VQX/KlKS0qT9r1Mo16yo5F/MtifXFgaofIFsdFMox2SxIbQ=="],

    "bun-types": ["bun-types@1.3.9", "", { "dependencies": { "@types/node": "*" } }, "sha512-+UBWWOakIP4Tswh0Bt0QD0alpTY8cb5hvgiYeWCMet9YukHbzuruIEeXC2D7nMJPB12kbh8C7XJykSexEqGKJg=="],

    "oxfmt": ["oxfmt@0.33.0", "", { "dependencies": { "tinypool": "2.1.0" }, "optionalDependencies": { "@oxfmt/binding-android-arm-eabi": "0.33.0", "@oxfmt/binding-android-arm64": "0.33.0", "@oxfmt/binding-darwin-arm64": "0.33.0", "@oxfmt/binding-darwin-x64": "0.33.0", "@oxfmt/binding-freebsd-x64": "0.33.0", "@oxfmt/binding-linux-arm-gnueabihf": "0.33.0", "@oxfmt/binding-linux-arm-musleabihf": "0.33.0", "@oxfmt/binding-linux-arm64-gnu": "0.33.0", "@oxfmt/binding-linux-arm64-musl": "0.33.0", "@oxfmt/binding-linux-ppc64-gnu": "0.33.0", "@oxfmt/binding-linux-riscv64-gnu": "0.33.0", "@oxfmt/binding-linux-riscv64-musl": "0.33.0", "@oxfmt/binding-linux-s390x-gnu": "0.33.0", "@oxfmt/binding-linux-x64-gnu": "0.33.0", "@oxfmt/binding-linux-x64-musl": "0.33.0", "@oxfmt/binding-openharmony-arm64": "0.33.0", "@oxfmt/binding-win32-arm64-msvc": "0.33.0", "@oxfmt/binding-win32-ia32-msvc": "0.33.0", "@oxfmt/binding-win32-x64-msvc": "0.33.0" }, "bin": { "oxfmt": "bin/oxfmt" } }, "sha512-ogxBXA9R4BFeo8F1HeMIIxHr5kGnQwKTYZ5k131AEGOq1zLxInNhvYSpyRQ+xIXVMYfCN7yZHKff/lb5lp4auQ=="],

    "tinypool": ["tinypool@2.1.0", "", {}, "sha512-Pugqs6M0m7Lv1I7FtxN4aoyToKg1C4tu+/381vH35y8oENM/Ai7f7C4StcoK4/+BSw9ebcS8jRiVrORFKCALLw=="],

    "turbo": ["turbo@2.8.9", "", { "optionalDependencies": { "turbo-darwin-64": "2.8.9", "turbo-darwin-arm64": "2.8.9", "turbo-linux-64": "2.8.9", "turbo-linux-arm64": "2.8.9", "turbo-windows-64": "2.8.9", "turbo-windows-arm64": "2.8.9" }, "bin": { "turbo": "bin/turbo" } }, "sha512-G+Mq8VVQAlpz/0HTsxiNNk/xywaHGl+dk1oiBREgOEVCCDjXInDlONWUn5srRnC9s5tdHTFD1bx1N19eR4hI+g=="],

    "turbo-darwin-64": ["turbo-darwin-64@2.8.9", "", { "os": "darwin", "cpu": "x64" }, "sha512-KnCw1ZI9KTnEAhdI9avZrnZ/z4wsM++flMA1w8s8PKOqi5daGpFV36qoPafg4S8TmYMe52JPWEoFr0L+lQ5JIw=="],

    "turbo-darwin-arm64": ["turbo-darwin-arm64@2.8.9", "", { "os": "darwin", "cpu": "arm64" }, "sha512-CbD5Y2NKJKBXTOZ7z7Cc7vGlFPZkYjApA7ri9lH4iFwKV1X7MoZswh9gyRLetXYWImVX1BqIvP8KftulJg/wIA=="],

    "turbo-linux-64": ["turbo-linux-64@2.8.9", "", { "os": "linux", "cpu": "x64" }, "sha512-OXC9HdCtsHvyH+5KUoH8ds+p5WU13vdif0OPbsFzZca4cUXMwKA3HWwUuCgQetk0iAE4cscXpi/t8A263n3VTg=="],

    "turbo-linux-arm64": ["turbo-linux-arm64@2.8.9", "", { "os": "linux", "cpu": "arm64" }, "sha512-yI5n8jNXiFA6+CxnXG0gO7h5ZF1+19K8uO3/kXPQmyl37AdiA7ehKJQOvf9OPAnmkGDHcF2HSCPltabERNRmug=="],

    "turbo-windows-64": ["turbo-windows-64@2.8.9", "", { "os": "win32", "cpu": "x64" }, "sha512-/OztzeGftJAg258M/9vK2ZCkUKUzqrWXJIikiD2pm8TlqHcIYUmepDbyZSDfOiUjMy6NzrLFahpNLnY7b5vNgg=="],

    "turbo-windows-arm64": ["turbo-windows-arm64@2.8.9", "", { "os": "win32", "cpu": "arm64" }, "sha512-xZ2VTwVTjIqpFZKN4UBxDHCPM3oJ2J5cpRzCBSmRpJ/Pn33wpiYjs+9FB2E03svKaD04/lSSLlEUej0UYsugfg=="],

    "undici-types": ["undici-types@7.16.0", "", {}, "sha512-Zz+aZWSj8LE6zoxD+xrjh4VfkIG8Ya6LvYkZqtUQGJPZjYl53ypCaUwWqo7eI0x66KBGeRo+mlBEkMSeSZ38Nw=="],
  }
}
